
Microsoft Visual Studio Solution File, Format Version 12.00
# Visual Studio Version 17
VisualStudioVersion = 17.11.35312.102
MinimumVisualStudioVersion = 10.0.40219.1
Project("{FAE04EC0-301F-11D3-BF4B-00C04F79EFBC}") = "WindowsAIAssistant", "WindowsAIAssistant.csproj", "{1502DC6F-5C32-415B-B0E1-4DEEC1689AA6}"
EndProject
Global
	GlobalSection(SolutionConfigurationPlatforms) = preSolution
		Debug|Any CPU = Debug|Any CPU
		Release|Any CPU = Release|Any CPU
	EndGlobalSection
	GlobalSection(ProjectConfigurationPlatforms) = postSolution
		{1502DC6F-5C32-415B-B0E1-4DEEC1689AA6}.Debug|Any CPU.ActiveCfg = Debug|Any CPU
		{1502DC6F-5C32-415B-B0E1-4DEEC1689AA6}.Debug|Any CPU.Build.0 = Debug|Any CPU
		{1502DC6F-5C32-415B-B0E1-4DEEC1689AA6}.Release|Any CPU.ActiveCfg = Release|Any CPU
		{1502DC6F-5C32-415B-B0E1-4DEEC1689AA6}.Release|Any CPU.Build.0 = Release|Any CPU
	EndGlobalSection
	GlobalSection(SolutionProperties) = preSolution
		HideSolutionNode = FALSE
	EndGlobalSection
	GlobalSection(ExtensibilityGlobals) = postSolution
		SolutionGuid = {386F0574-4360-491A-A7D1-F7DC1D738B29}
	EndGlobalSection
EndGlobal
